
Microsoft Visual Studio Solution File, Format Version 12.00
# Visual Studio 15
VisualStudioVersion = 15.0.28307.757
MinimumVisualStudioVersion = 10.0.40219.1
Project("{FAE04EC0-301F-11D3-BF4B-00C04F79EFBC}") = "2048", "2048\2048.csproj", "{5F7DC3F0-D360-4A0E-83A2-FDEB8AF2A560}"
EndProject
Global
	GlobalSection(SolutionConfigurationPlatforms) = preSolution
		Debug|Any CPU = Debug|Any CPU
		Release|Any CPU = Release|Any CPU
	EndGlobalSection
	GlobalSection(ProjectConfigurationPlatforms) = postSolution
		{5F7DC3F0-D360-4A0E-83A2-FDEB8AF2A560}.Debug|Any CPU.ActiveCfg = Debug|Any CPU
		{5F7DC3F0-D360-4A0E-83A2-FDEB8AF2A560}.Debug|Any CPU.Build.0 = Debug|Any CPU
		{5F7DC3F0-D360-4A0E-83A2-FDEB8AF2A560}.Release|Any CPU.ActiveCfg = Release|Any CPU
		{5F7DC3F0-D360-4A0E-83A2-FDEB8AF2A560}.Release|Any CPU.Build.0 = Release|Any CPU
	EndGlobalSection
	GlobalSection(SolutionProperties) = preSolution
		HideSolutionNode = FALSE
	EndGlobalSection
	GlobalSection(ExtensibilityGlobals) = postSolution
		SolutionGuid = {A84BC10F-9399-4E27-A1F7-C0B5ED277687}
	EndGlobalSection
EndGlobal
